{
  "name": "server",
  "version": "0.0.1",
  "lockfileVersion": 1,
  "requires": true,
  "dependencies": {
    "random": {
      "version": "3.0.6",
      "resolved": "https://registry.npmjs.org/random/-/random-3.0.6.tgz",
      "integrity": "sha512-B53pp/8eFBxULg6sfQgjjmy3vZ2CWVt0Nk4OgkSpvmAf3VXfcEUgGASbNWbXiTiExWe8hCIf5HlddNHzrte9jg==",
      "requires": {
        "seedrandom": "^3.0.5"
      }
    },
    "seedrandom": {
      "version": "3.0.5",
      "resolved": "https://registry.npmjs.org/seedrandom/-/seedrandom-3.0.5.tgz",
      "integrity": "sha512-8OwmbklUNzwezjGInmZ+2clQmExQPvomqjL7LFqOYqtmuxRgQYqOD3mHaU+MvZn5FLUeVxVfQjwLZW/n/JFuqg=="
    },
    "ws": {
      "version": "7.4.5",
      "resolved": "https://registry.npmjs.org/ws/-/ws-7.4.5.tgz",
      "integrity": "sha512-xzyu3hFvomRfXKH8vOFMU3OguG6oOvhXMo3xsGy3xWExqaM2dxBbVxuD99O7m3ZUFMvvscsZDqxfgMaRr/Nr1g=="
    }
  }
}
